
Microsoft Visual Studio Solution File, Format Version 12.00
# Visual Studio Version 17
VisualStudioVersion = 17.0.32112.339
MinimumVisualStudioVersion = 10.0.40219.1
Project("{FAE04EC0-301F-11D3-BF4B-00C04F79EFBC}") = "Ejercicio6", "Ejercicio6.csproj", "{B71FFC06-DBF4-4887-BA2B-C46A02E8BF8E}"
EndProject
Global
	GlobalSection(SolutionConfigurationPlatforms) = preSolution
		Debug|Any CPU = Debug|Any CPU
		Release|Any CPU = Release|Any CPU
	EndGlobalSection
	GlobalSection(ProjectConfigurationPlatforms) = postSolution
		{B71FFC06-DBF4-4887-BA2B-C46A02E8BF8E}.Debug|Any CPU.ActiveCfg = Debug|Any CPU
		{B71FFC06-DBF4-4887-BA2B-C46A02E8BF8E}.Debug|Any CPU.Build.0 = Debug|Any CPU
		{B71FFC06-DBF4-4887-BA2B-C46A02E8BF8E}.Release|Any CPU.ActiveCfg = Release|Any CPU
		{B71FFC06-DBF4-4887-BA2B-C46A02E8BF8E}.Release|Any CPU.Build.0 = Release|Any CPU
	EndGlobalSection
	GlobalSection(SolutionProperties) = preSolution
		HideSolutionNode = FALSE
	EndGlobalSection
	GlobalSection(ExtensibilityGlobals) = postSolution
		SolutionGuid = {63857BE8-31C7-40BA-80B4-96224D64430F}
	EndGlobalSection
EndGlobal
